// !$*UTF8*$!
{
	archiveVersion = 1;
	classes = {
	};
	objectVersion = 50;
	objects = {

/* Begin PBXBuildFile section */
		FF2F31FC213FBA02008ED704 /* schema.json in Resources */ = {isa = PBXBuildFile; fileRef = FF2F31FB213FBA02008ED704 /* schema.json */; };
		FF8D2644213EBD710079DF0D /* SQLite.framework in Frameworks */ = {isa = PBXBuildFile; fileRef = FF8D2643213EBD710079DF0D /* SQLite.framework */; };
		FFA3BB7F213E5D60008A4BEF /* AppDelegate.swift in Sources */ = {isa = PBXBuildFile; fileRef = FFA3BB7E213E5D60008A4BEF /* AppDelegate.swift */; };
		FFA3BB81213E5D64008A4BEF /* ViewController.swift in Sources */ = {isa = PBXBuildFile; fileRef = FFA3BB80213E5D64008A4BEF /* ViewController.swift */; };
		FFA3BB84213E5D68008A4BEF /* Main.storyboard in Resources */ = {isa = PBXBuildFile; fileRef = FFA3BB82213E5D68008A4BEF /* Main.storyboard */; };
		FFA3BB86213E5E1A008A4BEF /* Assets.xcassets in Resources */ = {isa = PBXBuildFile; fileRef = FFA3BB85213E5E1A008A4BEF /* Assets.xcassets */; };
		FFA3BB89213E5E1A008A4BEF /* LaunchScreen.storyboard in Resources */ = {isa = PBXBuildFile; fileRef = FFA3BB87213E5E1A008A4BEF /* LaunchScreen.storyboard */; };
/* End PBXBuildFile section */

/* Begin PBXFileReference section */
		FF2F31FB213FBA02008ED704 /* schema.json */ = {isa = PBXFileReference; fileEncoding = 4; lastKnownFileType = text.json; name = schema.json; path = ../../schema.json; sourceTree = "<group>"; };
		FF8D2643213EBD710079DF0D /* SQLite.framework */ = {isa = PBXFileReference; lastKnownFileType = wrapper.framework; name = SQLite.framework; path = Carthage/Build/iOS/SQLite.framework; sourceTree = "<group>"; };
		FFA3BB7B213E5D5F008A4BEF /* DocLog.app */ = {isa = PBXFileReference; explicitFileType = wrapper.application; includeInIndex = 0; path = DocLog.app; sourceTree = BUILT_PRODUCTS_DIR; };
		FFA3BB7E213E5D60008A4BEF /* AppDelegate.swift */ = {isa = PBXFileReference; lastKnownFileType = sourcecode.swift; path = AppDelegate.swift; sourceTree = "<group>"; };
		FFA3BB80213E5D64008A4BEF /* ViewController.swift */ = {isa = PBXFileReference; lastKnownFileType = sourcecode.swift; path = ViewController.swift; sourceTree = "<group>"; };
		FFA3BB83213E5D68008A4BEF /* Base */ = {isa = PBXFileReference; lastKnownFileType = file.storyboard; name = Base; path = Base.lproj/Main.storyboard; sourceTree = "<group>"; };
		FFA3BB85213E5E1A008A4BEF /* Assets.xcassets */ = {isa = PBXFileReference; lastKnownFileType = folder.assetcatalog; path = Assets.xcassets; sourceTree = "<group>"; };
		FFA3BB88213E5E1A008A4BEF /* Base */ = {isa = PBXFileReference; lastKnownFileType = file.storyboard; name = Base; path = Base.lproj/LaunchScreen.storyboard; sourceTree = "<group>"; };
		FFA3BB8A213E5E1A008A4BEF /* Info.plist */ = {isa = PBXFileReference; lastKnownFileType = text.plist.xml; path = Info.plist; sourceTree = "<group>"; };
/* End PBXFileReference section */

/* Begin PBXFrameworksBuildPhase section */
		FFA3BB78213E5D5E008A4BEF /* Frameworks */ = {
			isa = PBXFrameworksBuildPhase;
			buildActionMask = 2147483647;
			files = (
				FF8D2644213EBD710079DF0D /* SQLite.framework in Frameworks */,
			);
			runOnlyForDeploymentPostprocessing = 0;
		};
/* End PBXFrameworksBuildPhase section */

/* Begin PBXGroup section */
		FF8D2642213EBD710079DF0D /* Frameworks */ = {
			isa = PBXGroup;
			children = (
				FF8D2643213EBD710079DF0D /* SQLite.framework */,
			);
			name = Frameworks;
			sourceTree = "<group>";
		};
		FFA3BB72213E5D5C008A4BEF = {
			isa = PBXGroup;
			children = (
				FFA3BB7D213E5D5F008A4BEF /* DocLog */,
				FFA3BB7C213E5D5F008A4BEF /* Products */,
				FF8D2642213EBD710079DF0D /* Frameworks */,
			);
			sourceTree = "<group>";
		};
		FFA3BB7C213E5D5F008A4BEF /* Products */ = {
			isa = PBXGroup;
			children = (
				FFA3BB7B213E5D5F008A4BEF /* DocLog.app */,
			);
			name = Products;
			sourceTree = "<group>";
		};
		FFA3BB7D213E5D5F008A4BEF /* DocLog */ = {
			isa = PBXGroup;
			children = (
				FF2F31FB213FBA02008ED704 /* schema.json */,
				FFA3BB7E213E5D60008A4BEF /* AppDelegate.swift */,
				FFA3BB80213E5D64008A4BEF /* ViewController.swift */,
				FFA3BB82213E5D68008A4BEF /* Main.storyboard */,
				FFA3BB85213E5E1A008A4BEF /* Assets.xcassets */,
				FFA3BB87213E5E1A008A4BEF /* LaunchScreen.storyboard */,
				FFA3BB8A213E5E1A008A4BEF /* Info.plist */,
			);
			path = DocLog;
			sourceTree = "<group>";
		};
/* End PBXGroup section */

/* Begin PBXNativeTarget section */
		FFA3BB7A213E5D5E008A4BEF /* DocLog */ = {
			isa = PBXNativeTarget;
			buildConfigurationList = FFA3BB8D213E5E1A008A4BEF /* Build configuration list for PBXNativeTarget "DocLog" */;
			buildPhases = (
				FF8D2646213EBE1B0079DF0D /* Generate Apollo GraphQL API */,
				FFA3BB77213E5D5E008A4BEF /* Sources */,
				FFA3BB78213E5D5E008A4BEF /* Frameworks */,
				FFA3BB79213E5D5E008A4BEF /* Resources */,
				FF8D2645213EBDAE0079DF0D /* ShellScript */,
			);
			buildRules = (
			);
			dependencies = (
			);
			name = DocLog;
			productName = DocLog;
			productReference = FFA3BB7B213E5D5F008A4BEF /* DocLog.app */;
			productType = "com.apple.product-type.application";
		};
/* End PBXNativeTarget section */

/* Begin PBXProject section */
		FFA3BB73213E5D5C008A4BEF /* Project object */ = {
			isa = PBXProject;
			attributes = {
				LastSwiftUpdateCheck = 0940;
				LastUpgradeCheck = 0940;
				ORGANIZATIONNAME = "Miroslav Danazhiev";
				TargetAttributes = {
					FFA3BB7A213E5D5E008A4BEF = {
						CreatedOnToolsVersion = 9.4.1;
					};
				};
			};
			buildConfigurationList = FFA3BB76213E5D5C008A4BEF /* Build configuration list for PBXProject "DocLog" */;
			compatibilityVersion = "Xcode 9.3";
			developmentRegion = en;
			hasScannedForEncodings = 0;
			knownRegions = (
				en,
				Base,
			);
			mainGroup = FFA3BB72213E5D5C008A4BEF;
			productRefGroup = FFA3BB7C213E5D5F008A4BEF /* Products */;
			projectDirPath = "";
			projectRoot = "";
			targets = (
				FFA3BB7A213E5D5E008A4BEF /* DocLog */,
			);
		};
/* End PBXProject section */

/* Begin PBXResourcesBuildPhase section */
		FFA3BB79213E5D5E008A4BEF /* Resources */ = {
			isa = PBXResourcesBuildPhase;
			buildActionMask = 2147483647;
			files = (
				FF2F31FC213FBA02008ED704 /* schema.json in Resources */,
				FFA3BB89213E5E1A008A4BEF /* LaunchScreen.storyboard in Resources */,
				FFA3BB86213E5E1A008A4BEF /* Assets.xcassets in Resources */,
				FFA3BB84213E5D68008A4BEF /* Main.storyboard in Resources */,
			);
			runOnlyForDeploymentPostprocessing = 0;
		};
/* End PBXResourcesBuildPhase section */

/* Begin PBXShellScriptBuildPhase section */
		FF8D2645213EBDAE0079DF0D /* ShellScript */ = {
			isa = PBXShellScriptBuildPhase;
			buildActionMask = 2147483647;
			files = (
			);
			inputPaths = (
				" $(SRCROOT)/Carthage/Build/iOS/Apollo.framework",
			);
			outputPaths = (
			);
			runOnlyForDeploymentPostprocessing = 0;
			shellPath = /bin/sh;
			shellScript = "/usr/local/bin/carthage copy-frameworks";
		};
		FF8D2646213EBE1B0079DF0D /* Generate Apollo GraphQL API */ = {
			isa = PBXShellScriptBuildPhase;
			buildActionMask = 2147483647;
			files = (
			);
			inputPaths = (
			);
			name = "Generate Apollo GraphQL API";
			outputPaths = (
			);
			runOnlyForDeploymentPostprocessing = 0;
			shellPath = /bin/sh;
			shellScript = "APOLLO_FRAMEWORK_PATH=\"$(eval find $FRAMEWORK_SEARCH_PATHS -name \"Apollo.framework\" -maxdepth 1)\"\n\nif [ -z \"$APOLLO_FRAMEWORK_PATH\" ]; then\necho \"error: Couldn't find Apollo.framework in FRAMEWORK_SEARCH_PATHS; make sure to add the framework to your project.\"\nexit 1\nfi\n\ncd \"${SRCROOT}/${TARGET_NAME}\"\n$APOLLO_FRAMEWORK_PATH/check-and-run-apollo-codegen.sh generate $(find . -name '*.graphql') --schema schema.json --output API.swift";
		};
/* End PBXShellScriptBuildPhase section */

/* Begin PBXSourcesBuildPhase section */
		FFA3BB77213E5D5E008A4BEF /* Sources */ = {
			isa = PBXSourcesBuildPhase;
			buildActionMask = 2147483647;
			files = (
				FFA3BB81213E5D64008A4BEF /* ViewController.swift in Sources */,
				FFA3BB7F213E5D60008A4BEF /* AppDelegate.swift in Sources */,
			);
			runOnlyForDeploymentPostprocessing = 0;
		};
/* End PBXSourcesBuildPhase section */

/* Begin PBXVariantGroup section */
		FFA3BB82213E5D68008A4BEF /* Main.storyboard */ = {
			isa = PBXVariantGroup;
			children = (
				FFA3BB83213E5D68008A4BEF /* Base */,
			);
			name = Main.storyboard;
			sourceTree = "<group>";
		};
		FFA3BB87213E5E1A008A4BEF /* LaunchScreen.storyboard */ = {
			isa = PBXVariantGroup;
			children = (
				FFA3BB88213E5E1A008A4BEF /* Base */,
			);
			name = LaunchScreen.storyboard;
			sourceTree = "<group>";
		};
/* End PBXVariantGroup section */

/* Begin XCBuildConfiguration section */
		FFA3BB8B213E5E1A008A4BEF /* Debug */ = {
			isa = XCBuildConfiguration;
			buildSettings = {
				ALWAYS_SEARCH_USER_PATHS = NO;
				CLANG_ANALYZER_NONNULL = YES;
				CLANG_ANALYZER_NUMBER_OBJECT_CONVERSION = YES_AGGRESSIVE;
				CLANG_CXX_LANGUAGE_STANDARD = "gnu++14";
				CLANG_CXX_LIBRARY = "libc++";
				CLANG_ENABLE_MODULES = YES;
				CLANG_ENABLE_OBJC_ARC = YES;
				CLANG_ENABLE_OBJC_WEAK = YES;
				CLANG_WARN_BLOCK_CAPTURE_AUTORELEASING = YES;
				CLANG_WARN_BOOL_CONVERSION = YES;
				CLANG_WARN_COMMA = YES;
				CLANG_WARN_CONSTANT_CONVERSION = YES;
				CLANG_WARN_DEPRECATED_OBJC_IMPLEMENTATIONS = YES;
				CLANG_WARN_DIRECT_OBJC_ISA_USAGE = YES_ERROR;
				CLANG_WARN_DOCUMENTATION_COMMENTS = YES;
				CLANG_WARN_EMPTY_BODY = YES;
				CLANG_WARN_ENUM_CONVERSION = YES;
				CLANG_WARN_INFINITE_RECURSION = YES;
				CLANG_WARN_INT_CONVERSION = YES;
				CLANG_WARN_NON_LITERAL_NULL_CONVERSION = YES;
				CLANG_WARN_OBJC_IMPLICIT_RETAIN_SELF = YES;
				CLANG_WARN_OBJC_LITERAL_CONVERSION = YES;
				CLANG_WARN_OBJC_ROOT_CLASS = YES_ERROR;
				CLANG_WARN_RANGE_LOOP_ANALYSIS = YES;
				CLANG_WARN_STRICT_PROTOTYPES = YES;
				CLANG_WARN_SUSPICIOUS_MOVE = YES;
				CLANG_WARN_UNGUARDED_AVAILABILITY = YES_AGGRESSIVE;
				CLANG_WARN_UNREACHABLE_CODE = YES;
				CLANG_WARN__DUPLICATE_METHOD_MATCH = YES;
				CODE_SIGN_IDENTITY = "iPhone Developer";
				COPY_PHASE_STRIP = NO;
				DEBUG_INFORMATION_FORMAT = dwarf;
				ENABLE_STRICT_OBJC_MSGSEND = YES;
				ENABLE_TESTABILITY = YES;
				GCC_C_LANGUAGE_STANDARD = gnu11;
				GCC_DYNAMIC_NO_PIC = NO;
				GCC_NO_COMMON_BLOCKS = YES;
				GCC_OPTIMIZATION_LEVEL = 0;
				GCC_PREPROCESSOR_DEFINITIONS = (
					"DEBUG=1",
					"$(inherited)",
				);
				GCC_WARN_64_TO_32_BIT_CONVERSION = YES;
				GCC_WARN_ABOUT_RETURN_TYPE = YES_ERROR;
				GCC_WARN_UNDECLARED_SELECTOR = YES;
				GCC_WARN_UNINITIALIZED_AUTOS = YES_AGGRESSIVE;
				GCC_WARN_UNUSED_FUNCTION = YES;
				GCC_WARN_UNUSED_VARIABLE = YES;
				IPHONEOS_DEPLOYMENT_TARGET = 11.4;
				MTL_ENABLE_DEBUG_INFO = YES;
				ONLY_ACTIVE_ARCH = YES;
				SDKROOT = iphoneos;
				SWIFT_ACTIVE_COMPILATION_CONDITIONS = DEBUG;
				SWIFT_OPTIMIZATION_LEVEL = "-Onone";
			};
			name = Debug;
		};
		FFA3BB8C213E5E1A008A4BEF /* Release */ = {
			isa = XCBuildConfiguration;
			buildSettings = {
				ALWAYS_SEARCH_USER_PATHS = NO;
				CLANG_ANALYZER_NONNULL = YES;
				CLANG_ANALYZER_NUMBER_OBJECT_CONVERSION = YES_AGGRESSIVE;
				CLANG_CXX_LANGUAGE_STANDARD = "gnu++14";
				CLANG_CXX_LIBRARY = "libc++";
				CLANG_ENABLE_MODULES = YES;
				CLANG_ENABLE_OBJC_ARC = YES;
				CLANG_ENABLE_OBJC_WEAK = YES;
				CLANG_WARN_BLOCK_CAPTURE_AUTORELEASING = YES;
				CLANG_WARN_BOOL_CONVERSION = YES;
				CLANG_WARN_COMMA = YES;
				CLANG_WARN_CONSTANT_CONVERSION = YES;
				CLANG_WARN_DEPRECATED_OBJC_IMPLEMENTATIONS = YES;
				CLANG_WARN_DIRECT_OBJC_ISA_USAGE = YES_ERROR;
				CLANG_WARN_DOCUMENTATION_COMMENTS = YES;
				CLANG_WARN_EMPTY_BODY = YES;
				CLANG_WARN_ENUM_CONVERSION = YES;
				CLANG_WARN_INFINITE_RECURSION = YES;
				CLANG_WARN_INT_CONVERSION = YES;
				CLANG_WARN_NON_LITERAL_NULL_CONVERSION = YES;
				CLANG_WARN_OBJC_IMPLICIT_RETAIN_SELF = YES;
				CLANG_WARN_OBJC_LITERAL_CONVERSION = YES;
				CLANG_WARN_OBJC_ROOT_CLASS = YES_ERROR;
				CLANG_WARN_RANGE_LOOP_ANALYSIS = YES;
				CLANG_WARN_STRICT_PROTOTYPES = YES;
				CLANG_WARN_SUSPICIOUS_MOVE = YES;
				CLANG_WARN_UNGUARDED_AVAILABILITY = YES_AGGRESSIVE;
				CLANG_WARN_UNREACHABLE_CODE = YES;
				CLANG_WARN__DUPLICATE_METHOD_MATCH = YES;
				CODE_SIGN_IDENTITY = "iPhone Developer";
				COPY_PHASE_STRIP = NO;
				DEBUG_INFORMATION_FORMAT = "dwarf-with-dsym";
				ENABLE_NS_ASSERTIONS = NO;
				ENABLE_STRICT_OBJC_MSGSEND = YES;
				GCC_C_LANGUAGE_STANDARD = gnu11;
				GCC_NO_COMMON_BLOCKS = YES;
				GCC_WARN_64_TO_32_BIT_CONVERSION = YES;
				GCC_WARN_ABOUT_RETURN_TYPE = YES_ERROR;
				GCC_WARN_UNDECLARED_SELECTOR = YES;
				GCC_WARN_UNINITIALIZED_AUTOS = YES_AGGRESSIVE;
				GCC_WARN_UNUSED_FUNCTION = YES;
				GCC_WARN_UNUSED_VARIABLE = YES;
				IPHONEOS_DEPLOYMENT_TARGET = 11.4;
				MTL_ENABLE_DEBUG_INFO = NO;
				SDKROOT = iphoneos;
				SWIFT_COMPILATION_MODE = wholemodule;
				SWIFT_OPTIMIZATION_LEVEL = "-O";
				VALIDATE_PRODUCT = YES;
			};
			name = Release;
		};
		FFA3BB8E213E5E1A008A4BEF /* Debug */ = {
			isa = XCBuildConfiguration;
			buildSettings = {
				ASSETCATALOG_COMPILER_APPICON_NAME = AppIcon;
				CODE_SIGN_IDENTITY = "iPhone Developer";
				CODE_SIGN_STYLE = Automatic;
				DEVELOPMENT_TEAM = 83DU9LYVZE;
				FRAMEWORK_SEARCH_PATHS = (
					"$(inherited)",
					"$(PROJECT_DIR)/Carthage/Build/iOS",
				);
				INFOPLIST_FILE = DocLog/Info.plist;
				LD_RUNPATH_SEARCH_PATHS = (
					"$(inherited)",
					"@executable_path/Frameworks",
				);
				PRODUCT_BUNDLE_IDENTIFIER = MTD.DocLog;
				PRODUCT_NAME = "$(TARGET_NAME)";
				PROVISIONING_PROFILE = "";
				PROVISIONING_PROFILE_SPECIFIER = "";
				SWIFT_VERSION = 4.0;
				TARGETED_DEVICE_FAMILY = "1,2";
			};
			name = Debug;
		};
		FFA3BB8F213E5E1A008A4BEF /* Release */ = {
			isa = XCBuildConfiguration;
			buildSettings = {
				ASSETCATALOG_COMPILER_APPICON_NAME = AppIcon;
				CODE_SIGN_IDENTITY = "iPhone Developer";
				CODE_SIGN_STYLE = Automatic;
				DEVELOPMENT_TEAM = 83DU9LYVZE;
				FRAMEWORK_SEARCH_PATHS = (
					"$(inherited)",
					"$(PROJECT_DIR)/Carthage/Build/iOS",
				);
				INFOPLIST_FILE = DocLog/Info.plist;
				LD_RUNPATH_SEARCH_PATHS = (
					"$(inherited)",
					"@executable_path/Frameworks",
				);
				PRODUCT_BUNDLE_IDENTIFIER = MTD.DocLog;
				PRODUCT_NAME = "$(TARGET_NAME)";
				PROVISIONING_PROFILE = "";
				PROVISIONING_PROFILE_SPECIFIER = "";
				SWIFT_VERSION = 4.0;
				TARGETED_DEVICE_FAMILY = "1,2";
			};
			name = Release;
		};
/* End XCBuildConfiguration section */

/* Begin XCConfigurationList section */
		FFA3BB76213E5D5C008A4BEF /* Build configuration list for PBXProject "DocLog" */ = {
			isa = XCConfigurationList;
			buildConfigurations = (
				FFA3BB8B213E5E1A008A4BEF /* Debug */,
				FFA3BB8C213E5E1A008A4BEF /* Release */,
			);
			defaultConfigurationIsVisible = 0;
			defaultConfigurationName = Release;
		};
		FFA3BB8D213E5E1A008A4BEF /* Build configuration list for PBXNativeTarget "DocLog" */ = {
			isa = XCConfigurationList;
			buildConfigurations = (
				FFA3BB8E213E5E1A008A4BEF /* Debug */,
				FFA3BB8F213E5E1A008A4BEF /* Release */,
			);
			defaultConfigurationIsVisible = 0;
			defaultConfigurationName = Release;
		};
/* End XCConfigurationList section */
	};
	rootObject = FFA3BB73213E5D5C008A4BEF /* Project object */;
}
