PODS:
  - Apollo (0.6.5):
    - Apollo/Core (= 0.6.5)
  - Apollo/Core (0.6.5)

DEPENDENCIES:
  - Apollo

SPEC REPOS:
  https://github.com/cocoapods/specs.git:
    - Apollo

SPEC CHECKSUMS:
  Apollo: 575496b1fbdb27a47c0e62a48340da2bd1dc67d7

PODFILE CHECKSUM: 70e18649b61f46f4c264e216035aa985068c81e4

COCOAPODS: 1.5.3
